// !$*UTF8*$!
{
	archiveVersion = 1;
	classes = {
	};
	objectVersion = 46;
	objects = {

/* Begin PBXBuildFile section */
		FD06958F1D796F5D003530FC /* GradientViewController.swift in Sources */ = {isa = PBXBuildFile; fileRef = FD06958E1D796F5D003530FC /* GradientViewController.swift */; };
		FD0695911D7971C9003530FC /* ReplicatorViewController.swift in Sources */ = {isa = PBXBuildFile; fileRef = FD0695901D7971C9003530FC /* ReplicatorViewController.swift */; };
		FD62452A1D7C1AA60059F0B9 /* EmitterViewController.swift in Sources */ = {isa = PBXBuildFile; fileRef = FD6245291D7C1AA60059F0B9 /* EmitterViewController.swift */; };
		FDA033CC1D780B9600468B03 /* ShapeViewController.swift in Sources */ = {isa = PBXBuildFile; fileRef = FDA033CB1D780B9600468B03 /* ShapeViewController.swift */; };
		FDA033CE1D78223500468B03 /* TextViewController.swift in Sources */ = {isa = PBXBuildFile; fileRef = FDA033CD1D78223500468B03 /* TextViewController.swift */; };
		FDA033D01D782D7600468B03 /* TransformViewController.swift in Sources */ = {isa = PBXBuildFile; fileRef = FDA033CF1D782D7600468B03 /* TransformViewController.swift */; };
		FDE1B7EE1D51CC2000667438 /* AppDelegate.swift in Sources */ = {isa = PBXBuildFile; fileRef = FDE1B7ED1D51CC2000667438 /* AppDelegate.swift */; };
		FDE1B7F01D51CC2000667438 /* ViewController.swift in Sources */ = {isa = PBXBuildFile; fileRef = FDE1B7EF1D51CC2000667438 /* ViewController.swift */; };
		FDE1B7F31D51CC2000667438 /* Main.storyboard in Resources */ = {isa = PBXBuildFile; fileRef = FDE1B7F11D51CC2000667438 /* Main.storyboard */; };
		FDE1B7F51D51CC2000667438 /* Assets.xcassets in Resources */ = {isa = PBXBuildFile; fileRef = FDE1B7F41D51CC2000667438 /* Assets.xcassets */; };
		FDE1B7F81D51CC2000667438 /* LaunchScreen.storyboard in Resources */ = {isa = PBXBuildFile; fileRef = FDE1B7F61D51CC2000667438 /* LaunchScreen.storyboard */; };
/* End PBXBuildFile section */

/* Begin PBXFileReference section */
		FD06958E1D796F5D003530FC /* GradientViewController.swift */ = {isa = PBXFileReference; fileEncoding = 4; lastKnownFileType = sourcecode.swift; path = GradientViewController.swift; sourceTree = "<group>"; };
		FD0695901D7971C9003530FC /* ReplicatorViewController.swift */ = {isa = PBXFileReference; fileEncoding = 4; lastKnownFileType = sourcecode.swift; path = ReplicatorViewController.swift; sourceTree = "<group>"; };
		FD6245291D7C1AA60059F0B9 /* EmitterViewController.swift */ = {isa = PBXFileReference; fileEncoding = 4; lastKnownFileType = sourcecode.swift; path = EmitterViewController.swift; sourceTree = "<group>"; };
		FDA033CB1D780B9600468B03 /* ShapeViewController.swift */ = {isa = PBXFileReference; fileEncoding = 4; lastKnownFileType = sourcecode.swift; path = ShapeViewController.swift; sourceTree = "<group>"; };
		FDA033CD1D78223500468B03 /* TextViewController.swift */ = {isa = PBXFileReference; fileEncoding = 4; lastKnownFileType = sourcecode.swift; path = TextViewController.swift; sourceTree = "<group>"; };
		FDA033CF1D782D7600468B03 /* TransformViewController.swift */ = {isa = PBXFileReference; fileEncoding = 4; lastKnownFileType = sourcecode.swift; path = TransformViewController.swift; sourceTree = "<group>"; };
		FDE1B7EA1D51CC2000667438 /* DifferentLayerDemo.app */ = {isa = PBXFileReference; explicitFileType = wrapper.application; includeInIndex = 0; path = DifferentLayerDemo.app; sourceTree = BUILT_PRODUCTS_DIR; };
		FDE1B7ED1D51CC2000667438 /* AppDelegate.swift */ = {isa = PBXFileReference; lastKnownFileType = sourcecode.swift; path = AppDelegate.swift; sourceTree = "<group>"; };
		FDE1B7EF1D51CC2000667438 /* ViewController.swift */ = {isa = PBXFileReference; lastKnownFileType = sourcecode.swift; path = ViewController.swift; sourceTree = "<group>"; };
		FDE1B7F21D51CC2000667438 /* Base */ = {isa = PBXFileReference; lastKnownFileType = file.storyboard; name = Base; path = Base.lproj/Main.storyboard; sourceTree = "<group>"; };
		FDE1B7F41D51CC2000667438 /* Assets.xcassets */ = {isa = PBXFileReference; lastKnownFileType = folder.assetcatalog; path = Assets.xcassets; sourceTree = "<group>"; };
		FDE1B7F71D51CC2000667438 /* Base */ = {isa = PBXFileReference; lastKnownFileType = file.storyboard; name = Base; path = Base.lproj/LaunchScreen.storyboard; sourceTree = "<group>"; };
		FDE1B7F91D51CC2000667438 /* Info.plist */ = {isa = PBXFileReference; lastKnownFileType = text.plist.xml; path = Info.plist; sourceTree = "<group>"; };
/* End PBXFileReference section */

/* Begin PBXFrameworksBuildPhase section */
		FDE1B7E71D51CC2000667438 /* Frameworks */ = {
			isa = PBXFrameworksBuildPhase;
			buildActionMask = 2147483647;
			files = (
			);
			runOnlyForDeploymentPostprocessing = 0;
		};
/* End PBXFrameworksBuildPhase section */

/* Begin PBXGroup section */
		FDE1B7E11D51CC2000667438 = {
			isa = PBXGroup;
			children = (
				FDE1B7EC1D51CC2000667438 /* DifferentLayerDemo */,
				FDE1B7EB1D51CC2000667438 /* Products */,
			);
			sourceTree = "<group>";
		};
		FDE1B7EB1D51CC2000667438 /* Products */ = {
			isa = PBXGroup;
			children = (
				FDE1B7EA1D51CC2000667438 /* DifferentLayerDemo.app */,
			);
			name = Products;
			sourceTree = "<group>";
		};
		FDE1B7EC1D51CC2000667438 /* DifferentLayerDemo */ = {
			isa = PBXGroup;
			children = (
				FDE1B7ED1D51CC2000667438 /* AppDelegate.swift */,
				FDE1B7EF1D51CC2000667438 /* ViewController.swift */,
				FDA033CB1D780B9600468B03 /* ShapeViewController.swift */,
				FDA033CD1D78223500468B03 /* TextViewController.swift */,
				FDA033CF1D782D7600468B03 /* TransformViewController.swift */,
				FD06958E1D796F5D003530FC /* GradientViewController.swift */,
				FD0695901D7971C9003530FC /* ReplicatorViewController.swift */,
				FD6245291D7C1AA60059F0B9 /* EmitterViewController.swift */,
				FDE1B7F41D51CC2000667438 /* Assets.xcassets */,
				FDE1B7F11D51CC2000667438 /* Main.storyboard */,
				FDE1B7F61D51CC2000667438 /* LaunchScreen.storyboard */,
				FDE1B7F91D51CC2000667438 /* Info.plist */,
			);
			path = DifferentLayerDemo;
			sourceTree = "<group>";
		};
/* End PBXGroup section */

/* Begin PBXNativeTarget section */
		FDE1B7E91D51CC2000667438 /* DifferentLayerDemo */ = {
			isa = PBXNativeTarget;
			buildConfigurationList = FDE1B7FC1D51CC2000667438 /* Build configuration list for PBXNativeTarget "DifferentLayerDemo" */;
			buildPhases = (
				FDE1B7E61D51CC2000667438 /* Sources */,
				FDE1B7E71D51CC2000667438 /* Frameworks */,
				FDE1B7E81D51CC2000667438 /* Resources */,
			);
			buildRules = (
			);
			dependencies = (
			);
			name = DifferentLayerDemo;
			productName = DifferentLayerDemo;
			productReference = FDE1B7EA1D51CC2000667438 /* DifferentLayerDemo.app */;
			productType = "com.apple.product-type.application";
		};
/* End PBXNativeTarget section */

/* Begin PBXProject section */
		FDE1B7E21D51CC2000667438 /* Project object */ = {
			isa = PBXProject;
			attributes = {
				LastSwiftUpdateCheck = 0730;
				LastUpgradeCheck = 0730;
				ORGANIZATIONNAME = zhai;
				TargetAttributes = {
					FDE1B7E91D51CC2000667438 = {
						CreatedOnToolsVersion = 7.3.1;
					};
				};
			};
			buildConfigurationList = FDE1B7E51D51CC2000667438 /* Build configuration list for PBXProject "DifferentLayerDemo" */;
			compatibilityVersion = "Xcode 3.2";
			developmentRegion = English;
			hasScannedForEncodings = 0;
			knownRegions = (
				en,
				Base,
			);
			mainGroup = FDE1B7E11D51CC2000667438;
			productRefGroup = FDE1B7EB1D51CC2000667438 /* Products */;
			projectDirPath = "";
			projectRoot = "";
			targets = (
				FDE1B7E91D51CC2000667438 /* DifferentLayerDemo */,
			);
		};
/* End PBXProject section */

/* Begin PBXResourcesBuildPhase section */
		FDE1B7E81D51CC2000667438 /* Resources */ = {
			isa = PBXResourcesBuildPhase;
			buildActionMask = 2147483647;
			files = (
				FDE1B7F81D51CC2000667438 /* LaunchScreen.storyboard in Resources */,
				FDE1B7F51D51CC2000667438 /* Assets.xcassets in Resources */,
				FDE1B7F31D51CC2000667438 /* Main.storyboard in Resources */,
			);
			runOnlyForDeploymentPostprocessing = 0;
		};
/* End PBXResourcesBuildPhase section */

/* Begin PBXSourcesBuildPhase section */
		FDE1B7E61D51CC2000667438 /* Sources */ = {
			isa = PBXSourcesBuildPhase;
			buildActionMask = 2147483647;
			files = (
				FDA033D01D782D7600468B03 /* TransformViewController.swift in Sources */,
				FDE1B7F01D51CC2000667438 /* ViewController.swift in Sources */,
				FD0695911D7971C9003530FC /* ReplicatorViewController.swift in Sources */,
				FD06958F1D796F5D003530FC /* GradientViewController.swift in Sources */,
				FDA033CC1D780B9600468B03 /* ShapeViewController.swift in Sources */,
				FDE1B7EE1D51CC2000667438 /* AppDelegate.swift in Sources */,
				FDA033CE1D78223500468B03 /* TextViewController.swift in Sources */,
				FD62452A1D7C1AA60059F0B9 /* EmitterViewController.swift in Sources */,
			);
			runOnlyForDeploymentPostprocessing = 0;
		};
/* End PBXSourcesBuildPhase section */

/* Begin PBXVariantGroup section */
		FDE1B7F11D51CC2000667438 /* Main.storyboard */ = {
			isa = PBXVariantGroup;
			children = (
				FDE1B7F21D51CC2000667438 /* Base */,
			);
			name = Main.storyboard;
			sourceTree = "<group>";
		};
		FDE1B7F61D51CC2000667438 /* LaunchScreen.storyboard */ = {
			isa = PBXVariantGroup;
			children = (
				FDE1B7F71D51CC2000667438 /* Base */,
			);
			name = LaunchScreen.storyboard;
			sourceTree = "<group>";
		};
/* End PBXVariantGroup section */

/* Begin XCBuildConfiguration section */
		FDE1B7FA1D51CC2000667438 /* Debug */ = {
			isa = XCBuildConfiguration;
			buildSettings = {
				ALWAYS_SEARCH_USER_PATHS = NO;
				CLANG_ANALYZER_NONNULL = YES;
				CLANG_CXX_LANGUAGE_STANDARD = "gnu++0x";
				CLANG_CXX_LIBRARY = "libc++";
				CLANG_ENABLE_MODULES = YES;
				CLANG_ENABLE_OBJC_ARC = YES;
				CLANG_WARN_BOOL_CONVERSION = YES;
				CLANG_WARN_CONSTANT_CONVERSION = YES;
				CLANG_WARN_DIRECT_OBJC_ISA_USAGE = YES_ERROR;
				CLANG_WARN_EMPTY_BODY = YES;
				CLANG_WARN_ENUM_CONVERSION = YES;
				CLANG_WARN_INT_CONVERSION = YES;
				CLANG_WARN_OBJC_ROOT_CLASS = YES_ERROR;
				CLANG_WARN_UNREACHABLE_CODE = YES;
				CLANG_WARN__DUPLICATE_METHOD_MATCH = YES;
				"CODE_SIGN_IDENTITY[sdk=iphoneos*]" = "iPhone Developer";
				COPY_PHASE_STRIP = NO;
				DEBUG_INFORMATION_FORMAT = dwarf;
				ENABLE_STRICT_OBJC_MSGSEND = YES;
				ENABLE_TESTABILITY = YES;
				GCC_C_LANGUAGE_STANDARD = gnu99;
				GCC_DYNAMIC_NO_PIC = NO;
				GCC_NO_COMMON_BLOCKS = YES;
				GCC_OPTIMIZATION_LEVEL = 0;
				GCC_PREPROCESSOR_DEFINITIONS = (
					"DEBUG=1",
					"$(inherited)",
				);
				GCC_WARN_64_TO_32_BIT_CONVERSION = YES;
				GCC_WARN_ABOUT_RETURN_TYPE = YES_ERROR;
				GCC_WARN_UNDECLARED_SELECTOR = YES;
				GCC_WARN_UNINITIALIZED_AUTOS = YES_AGGRESSIVE;
				GCC_WARN_UNUSED_FUNCTION = YES;
				GCC_WARN_UNUSED_VARIABLE = YES;
				IPHONEOS_DEPLOYMENT_TARGET = 9.3;
				MTL_ENABLE_DEBUG_INFO = YES;
				ONLY_ACTIVE_ARCH = YES;
				SDKROOT = iphoneos;
				SWIFT_OPTIMIZATION_LEVEL = "-Onone";
				TARGETED_DEVICE_FAMILY = "1,2";
			};
			name = Debug;
		};
		FDE1B7FB1D51CC2000667438 /* Release */ = {
			isa = XCBuildConfiguration;
			buildSettings = {
				ALWAYS_SEARCH_USER_PATHS = NO;
				CLANG_ANALYZER_NONNULL = YES;
				CLANG_CXX_LANGUAGE_STANDARD = "gnu++0x";
				CLANG_CXX_LIBRARY = "libc++";
				CLANG_ENABLE_MODULES = YES;
				CLANG_ENABLE_OBJC_ARC = YES;
				CLANG_WARN_BOOL_CONVERSION = YES;
				CLANG_WARN_CONSTANT_CONVERSION = YES;
				CLANG_WARN_DIRECT_OBJC_ISA_USAGE = YES_ERROR;
				CLANG_WARN_EMPTY_BODY = YES;
				CLANG_WARN_ENUM_CONVERSION = YES;
				CLANG_WARN_INT_CONVERSION = YES;
				CLANG_WARN_OBJC_ROOT_CLASS = YES_ERROR;
				CLANG_WARN_UNREACHABLE_CODE = YES;
				CLANG_WARN__DUPLICATE_METHOD_MATCH = YES;
				"CODE_SIGN_IDENTITY[sdk=iphoneos*]" = "iPhone Developer";
				COPY_PHASE_STRIP = NO;
				DEBUG_INFORMATION_FORMAT = "dwarf-with-dsym";
				ENABLE_NS_ASSERTIONS = NO;
				ENABLE_STRICT_OBJC_MSGSEND = YES;
				GCC_C_LANGUAGE_STANDARD = gnu99;
				GCC_NO_COMMON_BLOCKS = YES;
				GCC_WARN_64_TO_32_BIT_CONVERSION = YES;
				GCC_WARN_ABOUT_RETURN_TYPE = YES_ERROR;
				GCC_WARN_UNDECLARED_SELECTOR = YES;
				GCC_WARN_UNINITIALIZED_AUTOS = YES_AGGRESSIVE;
				GCC_WARN_UNUSED_FUNCTION = YES;
				GCC_WARN_UNUSED_VARIABLE = YES;
				IPHONEOS_DEPLOYMENT_TARGET = 9.3;
				MTL_ENABLE_DEBUG_INFO = NO;
				SDKROOT = iphoneos;
				TARGETED_DEVICE_FAMILY = "1,2";
				VALIDATE_PRODUCT = YES;
			};
			name = Release;
		};
		FDE1B7FD1D51CC2000667438 /* Debug */ = {
			isa = XCBuildConfiguration;
			buildSettings = {
				ASSETCATALOG_COMPILER_APPICON_NAME = AppIcon;
				INFOPLIST_FILE = DifferentLayerDemo/Info.plist;
				LD_RUNPATH_SEARCH_PATHS = "$(inherited) @executable_path/Frameworks";
				PRODUCT_BUNDLE_IDENTIFIER = zhaitao.DifferentLayerDemo;
				PRODUCT_NAME = "$(TARGET_NAME)";
			};
			name = Debug;
		};
		FDE1B7FE1D51CC2000667438 /* Release */ = {
			isa = XCBuildConfiguration;
			buildSettings = {
				ASSETCATALOG_COMPILER_APPICON_NAME = AppIcon;
				INFOPLIST_FILE = DifferentLayerDemo/Info.plist;
				LD_RUNPATH_SEARCH_PATHS = "$(inherited) @executable_path/Frameworks";
				PRODUCT_BUNDLE_IDENTIFIER = zhaitao.DifferentLayerDemo;
				PRODUCT_NAME = "$(TARGET_NAME)";
			};
			name = Release;
		};
/* End XCBuildConfiguration section */

/* Begin XCConfigurationList section */
		FDE1B7E51D51CC2000667438 /* Build configuration list for PBXProject "DifferentLayerDemo" */ = {
			isa = XCConfigurationList;
			buildConfigurations = (
				FDE1B7FA1D51CC2000667438 /* Debug */,
				FDE1B7FB1D51CC2000667438 /* Release */,
			);
			defaultConfigurationIsVisible = 0;
			defaultConfigurationName = Release;
		};
		FDE1B7FC1D51CC2000667438 /* Build configuration list for PBXNativeTarget "DifferentLayerDemo" */ = {
			isa = XCConfigurationList;
			buildConfigurations = (
				FDE1B7FD1D51CC2000667438 /* Debug */,
				FDE1B7FE1D51CC2000667438 /* Release */,
			);
			defaultConfigurationIsVisible = 0;
			defaultConfigurationName = Release;
		};
/* End XCConfigurationList section */
	};
	rootObject = FDE1B7E21D51CC2000667438 /* Project object */;
}
